
Microsoft Visual Studio Solution File, Format Version 12.00
# Visual Studio Version 16
VisualStudioVersion = 16.0.29920.165
MinimumVisualStudioVersion = 10.0.40219.1
Project("{2150E333-8FDC-42A3-9474-1A3956D46DE8}") = "Domain", "Domain", "{3D05B640-7D8B-48EE-A263-5CFDA7F8ECCC}"
EndProject
Project("{2150E333-8FDC-42A3-9474-1A3956D46DE8}") = "Microservices", "Microservices", "{D9EB1464-7DBF-4892-BB28-25C3AC51E2AF}"
EndProject
Project("{2150E333-8FDC-42A3-9474-1A3956D46DE8}") = "Infra.IoC", "Infra.IoC", "{DBF94E6A-B91C-40A9-B758-9FE3A21BDF79}"
EndProject
Project("{2150E333-8FDC-42A3-9474-1A3956D46DE8}") = "Infra.Bus", "Infra.Bus", "{42FEF824-416E-42E1-BA38-4F515D46189D}"
EndProject
Project("{2150E333-8FDC-42A3-9474-1A3956D46DE8}") = "Presentation", "Presentation", "{F5817278-738B-4E01-9609-3805C8769B42}"
EndProject
Project("{9A19103F-16F7-4668-BE54-9A1E7A4F7556}") = "MicroRabbit.Domain.Core", "MicroRabbit.Domain.Core\MicroRabbit.Domain.Core.csproj", "{8D23148B-95AA-46EF-A876-1400365F5DC4}"
EndProject
Project("{9A19103F-16F7-4668-BE54-9A1E7A4F7556}") = "MicroRabbit.Infra.Bus", "MicroRabbit.Infra.Bus\MicroRabbit.Infra.Bus.csproj", "{A2A39A8E-D05F-4ED9-B18E-11A10F9B1467}"
EndProject
Project("{9A19103F-16F7-4668-BE54-9A1E7A4F7556}") = "MicroRabbit.Infra.IoC", "MicroRabbit.Infra.IoC\MicroRabbit.Infra.IoC.csproj", "{553F7D80-EDC1-42FC-95AD-2F180A32FFF5}"
EndProject
Project("{2150E333-8FDC-42A3-9474-1A3956D46DE8}") = "Banking", "Banking", "{A7D8E467-E356-477B-9136-41B5C9F1E55F}"
EndProject
Project("{2150E333-8FDC-42A3-9474-1A3956D46DE8}") = "Api", "Api", "{AF734C50-5BC9-43DA-9146-E4BF750C5AEC}"
EndProject
Project("{2150E333-8FDC-42A3-9474-1A3956D46DE8}") = "Domain", "Domain", "{11BBB3FB-ECE1-4FC7-82D1-A907CC969F5D}"
EndProject
Project("{2150E333-8FDC-42A3-9474-1A3956D46DE8}") = "Data", "Data", "{74877A98-3CF3-494A-8527-0E1C70618826}"
EndProject
Project("{2150E333-8FDC-42A3-9474-1A3956D46DE8}") = "Application", "Application", "{8F71CFA5-BE5D-4989-B968-CD384987D180}"
EndProject
Project("{9A19103F-16F7-4668-BE54-9A1E7A4F7556}") = "MicroRabbit.Banking.Api", "MicroRabbit.Banking.Api\MicroRabbit.Banking.Api.csproj", "{5A02F697-52F9-4358-8248-0C0CB71160BA}"
EndProject
Project("{9A19103F-16F7-4668-BE54-9A1E7A4F7556}") = "MicroRabbit.Banking.Application", "MicroRabbit.Banking.Application\MicroRabbit.Banking.Application.csproj", "{F40C1240-7958-4537-9E3C-75C5C39DC631}"
EndProject
Project("{9A19103F-16F7-4668-BE54-9A1E7A4F7556}") = "MicroRabbit.Banking.Domain", "MicroRabbit.Banking.Domain\MicroRabbit.Banking.Domain.csproj", "{BED875E6-CD12-44E2-BC24-95CA2CE22089}"
EndProject
Project("{9A19103F-16F7-4668-BE54-9A1E7A4F7556}") = "MicroRabbit.Banking.DAL", "MicroRabbit.Banking.DAL\MicroRabbit.Banking.DAL.csproj", "{54C20B2A-AEA6-41B1-B960-2E665DD32E5B}"
EndProject
Project("{2150E333-8FDC-42A3-9474-1A3956D46DE8}") = "Transfer", "Transfer", "{16F1A6D7-546F-4BC3-ABED-344118D1EFA5}"
EndProject
Project("{2150E333-8FDC-42A3-9474-1A3956D46DE8}") = "Api", "Api", "{792B50BF-500A-4FF0-8E53-F5239FA3BEBC}"
EndProject
Project("{2150E333-8FDC-42A3-9474-1A3956D46DE8}") = "Data", "Data", "{8A6B232C-1F45-4490-89F1-E0D5D02A7F15}"
EndProject
Project("{2150E333-8FDC-42A3-9474-1A3956D46DE8}") = "Application", "Application", "{B0FECBEA-5B4F-4725-BA56-01F83042ADB7}"
EndProject
Project("{2150E333-8FDC-42A3-9474-1A3956D46DE8}") = "Domain", "Domain", "{CC6B8EC7-6695-46DC-B20B-5D38E793DDF9}"
EndProject
Project("{FAE04EC0-301F-11D3-BF4B-00C04F79EFBC}") = "MicroRabbit.Transfer.Api", "MicroRabbit.Transfer.Api\MicroRabbit.Transfer.Api.csproj", "{68516FAF-748D-4C56-BA5E-768338B477B0}"
EndProject
Project("{FAE04EC0-301F-11D3-BF4B-00C04F79EFBC}") = "MicroRabbit.Transfer.Application", "MicroRabbit.Transfer.Application\MicroRabbit.Transfer.Application.csproj", "{3D8127A9-DC40-4CC6-AAF0-70CFCDFD8F71}"
EndProject
Project("{FAE04EC0-301F-11D3-BF4B-00C04F79EFBC}") = "MicroRabbit.Transfer.Data", "MicroRabbit.Transfer.Data\MicroRabbit.Transfer.Data.csproj", "{469B8EC9-67CC-4496-9455-466798F369F4}"
EndProject
Project("{FAE04EC0-301F-11D3-BF4B-00C04F79EFBC}") = "MicroRabbit.Transfer.Domain", "MicroRabbit.Transfer.Domain\MicroRabbit.Transfer.Domain.csproj", "{8EFB7642-5B62-49EF-9786-D6E2CFF79717}"
EndProject
Global
	GlobalSection(SolutionConfigurationPlatforms) = preSolution
		Debug|Any CPU = Debug|Any CPU
		Release|Any CPU = Release|Any CPU
	EndGlobalSection
	GlobalSection(ProjectConfigurationPlatforms) = postSolution
		{8D23148B-95AA-46EF-A876-1400365F5DC4}.Debug|Any CPU.ActiveCfg = Debug|Any CPU
		{8D23148B-95AA-46EF-A876-1400365F5DC4}.Debug|Any CPU.Build.0 = Debug|Any CPU
		{8D23148B-95AA-46EF-A876-1400365F5DC4}.Release|Any CPU.ActiveCfg = Release|Any CPU
		{8D23148B-95AA-46EF-A876-1400365F5DC4}.Release|Any CPU.Build.0 = Release|Any CPU
		{A2A39A8E-D05F-4ED9-B18E-11A10F9B1467}.Debug|Any CPU.ActiveCfg = Debug|Any CPU
		{A2A39A8E-D05F-4ED9-B18E-11A10F9B1467}.Debug|Any CPU.Build.0 = Debug|Any CPU
		{A2A39A8E-D05F-4ED9-B18E-11A10F9B1467}.Release|Any CPU.ActiveCfg = Release|Any CPU
		{A2A39A8E-D05F-4ED9-B18E-11A10F9B1467}.Release|Any CPU.Build.0 = Release|Any CPU
		{553F7D80-EDC1-42FC-95AD-2F180A32FFF5}.Debug|Any CPU.ActiveCfg = Debug|Any CPU
		{553F7D80-EDC1-42FC-95AD-2F180A32FFF5}.Debug|Any CPU.Build.0 = Debug|Any CPU
		{553F7D80-EDC1-42FC-95AD-2F180A32FFF5}.Release|Any CPU.ActiveCfg = Release|Any CPU
		{553F7D80-EDC1-42FC-95AD-2F180A32FFF5}.Release|Any CPU.Build.0 = Release|Any CPU
		{5A02F697-52F9-4358-8248-0C0CB71160BA}.Debug|Any CPU.ActiveCfg = Debug|Any CPU
		{5A02F697-52F9-4358-8248-0C0CB71160BA}.Debug|Any CPU.Build.0 = Debug|Any CPU
		{5A02F697-52F9-4358-8248-0C0CB71160BA}.Release|Any CPU.ActiveCfg = Release|Any CPU
		{5A02F697-52F9-4358-8248-0C0CB71160BA}.Release|Any CPU.Build.0 = Release|Any CPU
		{F40C1240-7958-4537-9E3C-75C5C39DC631}.Debug|Any CPU.ActiveCfg = Debug|Any CPU
		{F40C1240-7958-4537-9E3C-75C5C39DC631}.Debug|Any CPU.Build.0 = Debug|Any CPU
		{F40C1240-7958-4537-9E3C-75C5C39DC631}.Release|Any CPU.ActiveCfg = Release|Any CPU
		{F40C1240-7958-4537-9E3C-75C5C39DC631}.Release|Any CPU.Build.0 = Release|Any CPU
		{BED875E6-CD12-44E2-BC24-95CA2CE22089}.Debug|Any CPU.ActiveCfg = Debug|Any CPU
		{BED875E6-CD12-44E2-BC24-95CA2CE22089}.Debug|Any CPU.Build.0 = Debug|Any CPU
		{BED875E6-CD12-44E2-BC24-95CA2CE22089}.Release|Any CPU.ActiveCfg = Release|Any CPU
		{BED875E6-CD12-44E2-BC24-95CA2CE22089}.Release|Any CPU.Build.0 = Release|Any CPU
		{54C20B2A-AEA6-41B1-B960-2E665DD32E5B}.Debug|Any CPU.ActiveCfg = Debug|Any CPU
		{54C20B2A-AEA6-41B1-B960-2E665DD32E5B}.Debug|Any CPU.Build.0 = Debug|Any CPU
		{54C20B2A-AEA6-41B1-B960-2E665DD32E5B}.Release|Any CPU.ActiveCfg = Release|Any CPU
		{54C20B2A-AEA6-41B1-B960-2E665DD32E5B}.Release|Any CPU.Build.0 = Release|Any CPU
		{68516FAF-748D-4C56-BA5E-768338B477B0}.Debug|Any CPU.ActiveCfg = Debug|Any CPU
		{68516FAF-748D-4C56-BA5E-768338B477B0}.Debug|Any CPU.Build.0 = Debug|Any CPU
		{68516FAF-748D-4C56-BA5E-768338B477B0}.Release|Any CPU.ActiveCfg = Release|Any CPU
		{68516FAF-748D-4C56-BA5E-768338B477B0}.Release|Any CPU.Build.0 = Release|Any CPU
		{3D8127A9-DC40-4CC6-AAF0-70CFCDFD8F71}.Debug|Any CPU.ActiveCfg = Debug|Any CPU
		{3D8127A9-DC40-4CC6-AAF0-70CFCDFD8F71}.Debug|Any CPU.Build.0 = Debug|Any CPU
		{3D8127A9-DC40-4CC6-AAF0-70CFCDFD8F71}.Release|Any CPU.ActiveCfg = Release|Any CPU
		{3D8127A9-DC40-4CC6-AAF0-70CFCDFD8F71}.Release|Any CPU.Build.0 = Release|Any CPU
		{469B8EC9-67CC-4496-9455-466798F369F4}.Debug|Any CPU.ActiveCfg = Debug|Any CPU
		{469B8EC9-67CC-4496-9455-466798F369F4}.Debug|Any CPU.Build.0 = Debug|Any CPU
		{469B8EC9-67CC-4496-9455-466798F369F4}.Release|Any CPU.ActiveCfg = Release|Any CPU
		{469B8EC9-67CC-4496-9455-466798F369F4}.Release|Any CPU.Build.0 = Release|Any CPU
		{8EFB7642-5B62-49EF-9786-D6E2CFF79717}.Debug|Any CPU.ActiveCfg = Debug|Any CPU
		{8EFB7642-5B62-49EF-9786-D6E2CFF79717}.Debug|Any CPU.Build.0 = Debug|Any CPU
		{8EFB7642-5B62-49EF-9786-D6E2CFF79717}.Release|Any CPU.ActiveCfg = Release|Any CPU
		{8EFB7642-5B62-49EF-9786-D6E2CFF79717}.Release|Any CPU.Build.0 = Release|Any CPU
	EndGlobalSection
	GlobalSection(SolutionProperties) = preSolution
		HideSolutionNode = FALSE
	EndGlobalSection
	GlobalSection(NestedProjects) = preSolution
		{8D23148B-95AA-46EF-A876-1400365F5DC4} = {3D05B640-7D8B-48EE-A263-5CFDA7F8ECCC}
		{A2A39A8E-D05F-4ED9-B18E-11A10F9B1467} = {42FEF824-416E-42E1-BA38-4F515D46189D}
		{553F7D80-EDC1-42FC-95AD-2F180A32FFF5} = {DBF94E6A-B91C-40A9-B758-9FE3A21BDF79}
		{A7D8E467-E356-477B-9136-41B5C9F1E55F} = {D9EB1464-7DBF-4892-BB28-25C3AC51E2AF}
		{AF734C50-5BC9-43DA-9146-E4BF750C5AEC} = {A7D8E467-E356-477B-9136-41B5C9F1E55F}
		{11BBB3FB-ECE1-4FC7-82D1-A907CC969F5D} = {A7D8E467-E356-477B-9136-41B5C9F1E55F}
		{74877A98-3CF3-494A-8527-0E1C70618826} = {A7D8E467-E356-477B-9136-41B5C9F1E55F}
		{8F71CFA5-BE5D-4989-B968-CD384987D180} = {A7D8E467-E356-477B-9136-41B5C9F1E55F}
		{5A02F697-52F9-4358-8248-0C0CB71160BA} = {AF734C50-5BC9-43DA-9146-E4BF750C5AEC}
		{F40C1240-7958-4537-9E3C-75C5C39DC631} = {8F71CFA5-BE5D-4989-B968-CD384987D180}
		{BED875E6-CD12-44E2-BC24-95CA2CE22089} = {11BBB3FB-ECE1-4FC7-82D1-A907CC969F5D}
		{54C20B2A-AEA6-41B1-B960-2E665DD32E5B} = {74877A98-3CF3-494A-8527-0E1C70618826}
		{16F1A6D7-546F-4BC3-ABED-344118D1EFA5} = {D9EB1464-7DBF-4892-BB28-25C3AC51E2AF}
		{792B50BF-500A-4FF0-8E53-F5239FA3BEBC} = {16F1A6D7-546F-4BC3-ABED-344118D1EFA5}
		{8A6B232C-1F45-4490-89F1-E0D5D02A7F15} = {16F1A6D7-546F-4BC3-ABED-344118D1EFA5}
		{B0FECBEA-5B4F-4725-BA56-01F83042ADB7} = {16F1A6D7-546F-4BC3-ABED-344118D1EFA5}
		{CC6B8EC7-6695-46DC-B20B-5D38E793DDF9} = {16F1A6D7-546F-4BC3-ABED-344118D1EFA5}
		{68516FAF-748D-4C56-BA5E-768338B477B0} = {792B50BF-500A-4FF0-8E53-F5239FA3BEBC}
		{3D8127A9-DC40-4CC6-AAF0-70CFCDFD8F71} = {B0FECBEA-5B4F-4725-BA56-01F83042ADB7}
		{469B8EC9-67CC-4496-9455-466798F369F4} = {8A6B232C-1F45-4490-89F1-E0D5D02A7F15}
		{8EFB7642-5B62-49EF-9786-D6E2CFF79717} = {CC6B8EC7-6695-46DC-B20B-5D38E793DDF9}
	EndGlobalSection
	GlobalSection(ExtensibilityGlobals) = postSolution
		SolutionGuid = {692A1E8F-F140-47D2-9254-CC780B0FBAE5}
	EndGlobalSection
EndGlobal
